{
  "name": "AluminiumOxide.github.io",
  "lockfileVersion": 3,
  "requires": true,
  "packages": {
    "": {
      "dependencies": {
        "marked": "^13.0.1"
      }
    },
    "node_modules/marked": {
      "version": "13.0.1",
      "resolved": "https://registry.npmjs.org/marked/-/marked-13.0.1.tgz",
      "integrity": "sha512-7kBohS6GrZKvCsNXZyVVXSW7/hGBHe49ng99YPkDCckSUrrG7MSFLCexsRxptzOmyW2eT5dySh4Md1V6my52fA==",
      "bin": {
        "marked": "bin/marked.js"
      },
      "engines": {
        "node": ">= 18"
      }
    }
  }
}
